// !$*UTF8*$!
{
	archiveVersion = 1;
	classes = {
	};
	objectVersion = 56;
	objects = {

/* Begin PBXBuildFile section */
		CE4213CF2BCD4EED00F165F8 /* CoursesView.swift in Sources */ = {isa = PBXBuildFile; fileRef = CE4213CE2BCD4EED00F165F8 /* CoursesView.swift */; };
		CE4213D12BCD4F0200F165F8 /* CampaignsView.swift in Sources */ = {isa = PBXBuildFile; fileRef = CE4213D02BCD4F0200F165F8 /* CampaignsView.swift */; };
		CE4213D32BCD508700F165F8 /* LinksView.swift in Sources */ = {isa = PBXBuildFile; fileRef = CE4213D22BCD508700F165F8 /* LinksView.swift */; };
		CE4213D52BCD509B00F165F8 /* ProfileView.swift in Sources */ = {isa = PBXBuildFile; fileRef = CE4213D42BCD509B00F165F8 /* ProfileView.swift */; };
		CE4213D72BCD5F9700F165F8 /* LinkCardView.swift in Sources */ = {isa = PBXBuildFile; fileRef = CE4213D62BCD5F9700F165F8 /* LinkCardView.swift */; };
		CE4213D92BCD69DF00F165F8 /* StatsCardView.swift in Sources */ = {isa = PBXBuildFile; fileRef = CE4213D82BCD69DF00F165F8 /* StatsCardView.swift */; };
		CE4213DB2BCD72F300F165F8 /* GreetingView.swift in Sources */ = {isa = PBXBuildFile; fileRef = CE4213DA2BCD72F300F165F8 /* GreetingView.swift */; };
		CE4213DD2BCD88AB00F165F8 /* DashboardView.swift in Sources */ = {isa = PBXBuildFile; fileRef = CE4213DC2BCD88AB00F165F8 /* DashboardView.swift */; };
		CE4213E12BCDA15400F165F8 /* OverviewGraphView.swift in Sources */ = {isa = PBXBuildFile; fileRef = CE4213E02BCDA15400F165F8 /* OverviewGraphView.swift */; };
		CEBCA78A2BCD31980059AEC3 /* OpeninAppProjectApp.swift in Sources */ = {isa = PBXBuildFile; fileRef = CEBCA7892BCD31980059AEC3 /* OpeninAppProjectApp.swift */; };
		CEBCA78C2BCD31980059AEC3 /* MainView.swift in Sources */ = {isa = PBXBuildFile; fileRef = CEBCA78B2BCD31980059AEC3 /* MainView.swift */; };
		CEBCA78E2BCD319B0059AEC3 /* Assets.xcassets in Resources */ = {isa = PBXBuildFile; fileRef = CEBCA78D2BCD319B0059AEC3 /* Assets.xcassets */; };
		CEBCA7912BCD319B0059AEC3 /* Preview Assets.xcassets in Resources */ = {isa = PBXBuildFile; fileRef = CEBCA7902BCD319B0059AEC3 /* Preview Assets.xcassets */; };
/* End PBXBuildFile section */

/* Begin PBXFileReference section */
		CE4213CE2BCD4EED00F165F8 /* CoursesView.swift */ = {isa = PBXFileReference; lastKnownFileType = sourcecode.swift; path = CoursesView.swift; sourceTree = "<group>"; };
		CE4213D02BCD4F0200F165F8 /* CampaignsView.swift */ = {isa = PBXFileReference; lastKnownFileType = sourcecode.swift; path = CampaignsView.swift; sourceTree = "<group>"; };
		CE4213D22BCD508700F165F8 /* LinksView.swift */ = {isa = PBXFileReference; lastKnownFileType = sourcecode.swift; path = LinksView.swift; sourceTree = "<group>"; };
		CE4213D42BCD509B00F165F8 /* ProfileView.swift */ = {isa = PBXFileReference; lastKnownFileType = sourcecode.swift; path = ProfileView.swift; sourceTree = "<group>"; };
		CE4213D62BCD5F9700F165F8 /* LinkCardView.swift */ = {isa = PBXFileReference; lastKnownFileType = sourcecode.swift; path = LinkCardView.swift; sourceTree = "<group>"; };
		CE4213D82BCD69DF00F165F8 /* StatsCardView.swift */ = {isa = PBXFileReference; lastKnownFileType = sourcecode.swift; path = StatsCardView.swift; sourceTree = "<group>"; };
		CE4213DA2BCD72F300F165F8 /* GreetingView.swift */ = {isa = PBXFileReference; lastKnownFileType = sourcecode.swift; path = GreetingView.swift; sourceTree = "<group>"; };
		CE4213DC2BCD88AB00F165F8 /* DashboardView.swift */ = {isa = PBXFileReference; lastKnownFileType = sourcecode.swift; path = DashboardView.swift; sourceTree = "<group>"; };
		CE4213E02BCDA15400F165F8 /* OverviewGraphView.swift */ = {isa = PBXFileReference; lastKnownFileType = sourcecode.swift; path = OverviewGraphView.swift; sourceTree = "<group>"; wrapsLines = 1; };
		CEBCA7862BCD31980059AEC3 /* OpeninAppProject.app */ = {isa = PBXFileReference; explicitFileType = wrapper.application; includeInIndex = 0; path = OpeninAppProject.app; sourceTree = BUILT_PRODUCTS_DIR; };
		CEBCA7892BCD31980059AEC3 /* OpeninAppProjectApp.swift */ = {isa = PBXFileReference; lastKnownFileType = sourcecode.swift; path = OpeninAppProjectApp.swift; sourceTree = "<group>"; };
		CEBCA78B2BCD31980059AEC3 /* MainView.swift */ = {isa = PBXFileReference; lastKnownFileType = sourcecode.swift; path = MainView.swift; sourceTree = "<group>"; };
		CEBCA78D2BCD319B0059AEC3 /* Assets.xcassets */ = {isa = PBXFileReference; lastKnownFileType = folder.assetcatalog; path = Assets.xcassets; sourceTree = "<group>"; };
		CEBCA7902BCD319B0059AEC3 /* Preview Assets.xcassets */ = {isa = PBXFileReference; lastKnownFileType = folder.assetcatalog; path = "Preview Assets.xcassets"; sourceTree = "<group>"; };
/* End PBXFileReference section */

/* Begin PBXFrameworksBuildPhase section */
		CEBCA7832BCD31980059AEC3 /* Frameworks */ = {
			isa = PBXFrameworksBuildPhase;
			buildActionMask = 2147483647;
			files = (
			);
			runOnlyForDeploymentPostprocessing = 0;
		};
/* End PBXFrameworksBuildPhase section */

/* Begin PBXGroup section */
		CE4213DE2BCD8D5300F165F8 /* Views */ = {
			isa = PBXGroup;
			children = (
				CE4213D02BCD4F0200F165F8 /* CampaignsView.swift */,
				CE4213D42BCD509B00F165F8 /* ProfileView.swift */,
				CE4213CE2BCD4EED00F165F8 /* CoursesView.swift */,
			);
			path = Views;
			sourceTree = "<group>";
		};
		CE4213DF2BCD8D9300F165F8 /* Resources */ = {
			isa = PBXGroup;
			children = (
				CE4213D82BCD69DF00F165F8 /* StatsCardView.swift */,
				CE4213D62BCD5F9700F165F8 /* LinkCardView.swift */,
				CE4213DA2BCD72F300F165F8 /* GreetingView.swift */,
			);
			path = Resources;
			sourceTree = "<group>";
		};
		CEBCA77D2BCD31980059AEC3 = {
			isa = PBXGroup;
			children = (
				CEBCA7882BCD31980059AEC3 /* OpeninAppProject */,
				CEBCA7872BCD31980059AEC3 /* Products */,
			);
			sourceTree = "<group>";
		};
		CEBCA7872BCD31980059AEC3 /* Products */ = {
			isa = PBXGroup;
			children = (
				CEBCA7862BCD31980059AEC3 /* OpeninAppProject.app */,
			);
			name = Products;
			sourceTree = "<group>";
		};
		CEBCA7882BCD31980059AEC3 /* OpeninAppProject */ = {
			isa = PBXGroup;
			children = (
				CE4213DF2BCD8D9300F165F8 /* Resources */,
				CE4213DE2BCD8D5300F165F8 /* Views */,
				CEBCA7892BCD31980059AEC3 /* OpeninAppProjectApp.swift */,
				CEBCA78B2BCD31980059AEC3 /* MainView.swift */,
				CEBCA78D2BCD319B0059AEC3 /* Assets.xcassets */,
				CE4213D22BCD508700F165F8 /* LinksView.swift */,
				CE4213DC2BCD88AB00F165F8 /* DashboardView.swift */,
				CEBCA78F2BCD319B0059AEC3 /* Preview Content */,
				CE4213E02BCDA15400F165F8 /* OverviewGraphView.swift */,
			);
			path = OpeninAppProject;
			sourceTree = "<group>";
		};
		CEBCA78F2BCD319B0059AEC3 /* Preview Content */ = {
			isa = PBXGroup;
			children = (
				CEBCA7902BCD319B0059AEC3 /* Preview Assets.xcassets */,
			);
			path = "Preview Content";
			sourceTree = "<group>";
		};
/* End PBXGroup section */

/* Begin PBXNativeTarget section */
		CEBCA7852BCD31980059AEC3 /* OpeninAppProject */ = {
			isa = PBXNativeTarget;
			buildConfigurationList = CEBCA7942BCD319B0059AEC3 /* Build configuration list for PBXNativeTarget "OpeninAppProject" */;
			buildPhases = (
				CEBCA7822BCD31980059AEC3 /* Sources */,
				CEBCA7832BCD31980059AEC3 /* Frameworks */,
				CEBCA7842BCD31980059AEC3 /* Resources */,
			);
			buildRules = (
			);
			dependencies = (
			);
			name = OpeninAppProject;
			productName = OpeninAppProject;
			productReference = CEBCA7862BCD31980059AEC3 /* OpeninAppProject.app */;
			productType = "com.apple.product-type.application";
		};
/* End PBXNativeTarget section */

/* Begin PBXProject section */
		CEBCA77E2BCD31980059AEC3 /* Project object */ = {
			isa = PBXProject;
			attributes = {
				BuildIndependentTargetsInParallel = 1;
				LastSwiftUpdateCheck = 1530;
				LastUpgradeCheck = 1530;
				TargetAttributes = {
					CEBCA7852BCD31980059AEC3 = {
						CreatedOnToolsVersion = 15.3;
					};
				};
			};
			buildConfigurationList = CEBCA7812BCD31980059AEC3 /* Build configuration list for PBXProject "OpeninAppProject" */;
			compatibilityVersion = "Xcode 14.0";
			developmentRegion = en;
			hasScannedForEncodings = 0;
			knownRegions = (
				en,
				Base,
			);
			mainGroup = CEBCA77D2BCD31980059AEC3;
			productRefGroup = CEBCA7872BCD31980059AEC3 /* Products */;
			projectDirPath = "";
			projectRoot = "";
			targets = (
				CEBCA7852BCD31980059AEC3 /* OpeninAppProject */,
			);
		};
/* End PBXProject section */

/* Begin PBXResourcesBuildPhase section */
		CEBCA7842BCD31980059AEC3 /* Resources */ = {
			isa = PBXResourcesBuildPhase;
			buildActionMask = 2147483647;
			files = (
				CEBCA7912BCD319B0059AEC3 /* Preview Assets.xcassets in Resources */,
				CEBCA78E2BCD319B0059AEC3 /* Assets.xcassets in Resources */,
			);
			runOnlyForDeploymentPostprocessing = 0;
		};
/* End PBXResourcesBuildPhase section */

/* Begin PBXSourcesBuildPhase section */
		CEBCA7822BCD31980059AEC3 /* Sources */ = {
			isa = PBXSourcesBuildPhase;
			buildActionMask = 2147483647;
			files = (
				CE4213D12BCD4F0200F165F8 /* CampaignsView.swift in Sources */,
				CEBCA78C2BCD31980059AEC3 /* MainView.swift in Sources */,
				CE4213D92BCD69DF00F165F8 /* StatsCardView.swift in Sources */,
				CE4213E12BCDA15400F165F8 /* OverviewGraphView.swift in Sources */,
				CE4213D32BCD508700F165F8 /* LinksView.swift in Sources */,
				CE4213DB2BCD72F300F165F8 /* GreetingView.swift in Sources */,
				CEBCA78A2BCD31980059AEC3 /* OpeninAppProjectApp.swift in Sources */,
				CE4213D72BCD5F9700F165F8 /* LinkCardView.swift in Sources */,
				CE4213DD2BCD88AB00F165F8 /* DashboardView.swift in Sources */,
				CE4213D52BCD509B00F165F8 /* ProfileView.swift in Sources */,
				CE4213CF2BCD4EED00F165F8 /* CoursesView.swift in Sources */,
			);
			runOnlyForDeploymentPostprocessing = 0;
		};
/* End PBXSourcesBuildPhase section */

/* Begin XCBuildConfiguration section */
		CEBCA7922BCD319B0059AEC3 /* Debug */ = {
			isa = XCBuildConfiguration;
			buildSettings = {
				ALWAYS_SEARCH_USER_PATHS = NO;
				ASSETCATALOG_COMPILER_GENERATE_SWIFT_ASSET_SYMBOL_EXTENSIONS = YES;
				CLANG_ANALYZER_NONNULL = YES;
				CLANG_ANALYZER_NUMBER_OBJECT_CONVERSION = YES_AGGRESSIVE;
				CLANG_CXX_LANGUAGE_STANDARD = "gnu++20";
				CLANG_ENABLE_MODULES = YES;
				CLANG_ENABLE_OBJC_ARC = YES;
				CLANG_ENABLE_OBJC_WEAK = YES;
				CLANG_WARN_BLOCK_CAPTURE_AUTORELEASING = YES;
				CLANG_WARN_BOOL_CONVERSION = YES;
				CLANG_WARN_COMMA = YES;
				CLANG_WARN_CONSTANT_CONVERSION = YES;
				CLANG_WARN_DEPRECATED_OBJC_IMPLEMENTATIONS = YES;
				CLANG_WARN_DIRECT_OBJC_ISA_USAGE = YES_ERROR;
				CLANG_WARN_DOCUMENTATION_COMMENTS = YES;
				CLANG_WARN_EMPTY_BODY = YES;
				CLANG_WARN_ENUM_CONVERSION = YES;
				CLANG_WARN_INFINITE_RECURSION = YES;
				CLANG_WARN_INT_CONVERSION = YES;
				CLANG_WARN_NON_LITERAL_NULL_CONVERSION = YES;
				CLANG_WARN_OBJC_IMPLICIT_RETAIN_SELF = YES;
				CLANG_WARN_OBJC_LITERAL_CONVERSION = YES;
				CLANG_WARN_OBJC_ROOT_CLASS = YES_ERROR;
				CLANG_WARN_QUOTED_INCLUDE_IN_FRAMEWORK_HEADER = YES;
				CLANG_WARN_RANGE_LOOP_ANALYSIS = YES;
				CLANG_WARN_STRICT_PROTOTYPES = YES;
				CLANG_WARN_SUSPICIOUS_MOVE = YES;
				CLANG_WARN_UNGUARDED_AVAILABILITY = YES_AGGRESSIVE;
				CLANG_WARN_UNREACHABLE_CODE = YES;
				CLANG_WARN__DUPLICATE_METHOD_MATCH = YES;
				COPY_PHASE_STRIP = NO;
				DEBUG_INFORMATION_FORMAT = dwarf;
				ENABLE_STRICT_OBJC_MSGSEND = YES;
				ENABLE_TESTABILITY = YES;
				ENABLE_USER_SCRIPT_SANDBOXING = YES;
				GCC_C_LANGUAGE_STANDARD = gnu17;
				GCC_DYNAMIC_NO_PIC = NO;
				GCC_NO_COMMON_BLOCKS = YES;
				GCC_OPTIMIZATION_LEVEL = 0;
				GCC_PREPROCESSOR_DEFINITIONS = (
					"DEBUG=1",
					"$(inherited)",
				);
				GCC_WARN_64_TO_32_BIT_CONVERSION = YES;
				GCC_WARN_ABOUT_RETURN_TYPE = YES_ERROR;
				GCC_WARN_UNDECLARED_SELECTOR = YES;
				GCC_WARN_UNINITIALIZED_AUTOS = YES_AGGRESSIVE;
				GCC_WARN_UNUSED_FUNCTION = YES;
				GCC_WARN_UNUSED_VARIABLE = YES;
				IPHONEOS_DEPLOYMENT_TARGET = 17.4;
				LOCALIZATION_PREFERS_STRING_CATALOGS = YES;
				MTL_ENABLE_DEBUG_INFO = INCLUDE_SOURCE;
				MTL_FAST_MATH = YES;
				ONLY_ACTIVE_ARCH = YES;
				SDKROOT = iphoneos;
				SWIFT_ACTIVE_COMPILATION_CONDITIONS = "DEBUG $(inherited)";
				SWIFT_OPTIMIZATION_LEVEL = "-Onone";
			};
			name = Debug;
		};
		CEBCA7932BCD319B0059AEC3 /* Release */ = {
			isa = XCBuildConfiguration;
			buildSettings = {
				ALWAYS_SEARCH_USER_PATHS = NO;
				ASSETCATALOG_COMPILER_GENERATE_SWIFT_ASSET_SYMBOL_EXTENSIONS = YES;
				CLANG_ANALYZER_NONNULL = YES;
				CLANG_ANALYZER_NUMBER_OBJECT_CONVERSION = YES_AGGRESSIVE;
				CLANG_CXX_LANGUAGE_STANDARD = "gnu++20";
				CLANG_ENABLE_MODULES = YES;
				CLANG_ENABLE_OBJC_ARC = YES;
				CLANG_ENABLE_OBJC_WEAK = YES;
				CLANG_WARN_BLOCK_CAPTURE_AUTORELEASING = YES;
				CLANG_WARN_BOOL_CONVERSION = YES;
				CLANG_WARN_COMMA = YES;
				CLANG_WARN_CONSTANT_CONVERSION = YES;
				CLANG_WARN_DEPRECATED_OBJC_IMPLEMENTATIONS = YES;
				CLANG_WARN_DIRECT_OBJC_ISA_USAGE = YES_ERROR;
				CLANG_WARN_DOCUMENTATION_COMMENTS = YES;
				CLANG_WARN_EMPTY_BODY = YES;
				CLANG_WARN_ENUM_CONVERSION = YES;
				CLANG_WARN_INFINITE_RECURSION = YES;
				CLANG_WARN_INT_CONVERSION = YES;
				CLANG_WARN_NON_LITERAL_NULL_CONVERSION = YES;
				CLANG_WARN_OBJC_IMPLICIT_RETAIN_SELF = YES;
				CLANG_WARN_OBJC_LITERAL_CONVERSION = YES;
				CLANG_WARN_OBJC_ROOT_CLASS = YES_ERROR;
				CLANG_WARN_QUOTED_INCLUDE_IN_FRAMEWORK_HEADER = YES;
				CLANG_WARN_RANGE_LOOP_ANALYSIS = YES;
				CLANG_WARN_STRICT_PROTOTYPES = YES;
				CLANG_WARN_SUSPICIOUS_MOVE = YES;
				CLANG_WARN_UNGUARDED_AVAILABILITY = YES_AGGRESSIVE;
				CLANG_WARN_UNREACHABLE_CODE = YES;
				CLANG_WARN__DUPLICATE_METHOD_MATCH = YES;
				COPY_PHASE_STRIP = NO;
				DEBUG_INFORMATION_FORMAT = "dwarf-with-dsym";
				ENABLE_NS_ASSERTIONS = NO;
				ENABLE_STRICT_OBJC_MSGSEND = YES;
				ENABLE_USER_SCRIPT_SANDBOXING = YES;
				GCC_C_LANGUAGE_STANDARD = gnu17;
				GCC_NO_COMMON_BLOCKS = YES;
				GCC_WARN_64_TO_32_BIT_CONVERSION = YES;
				GCC_WARN_ABOUT_RETURN_TYPE = YES_ERROR;
				GCC_WARN_UNDECLARED_SELECTOR = YES;
				GCC_WARN_UNINITIALIZED_AUTOS = YES_AGGRESSIVE;
				GCC_WARN_UNUSED_FUNCTION = YES;
				GCC_WARN_UNUSED_VARIABLE = YES;
				IPHONEOS_DEPLOYMENT_TARGET = 17.4;
				LOCALIZATION_PREFERS_STRING_CATALOGS = YES;
				MTL_ENABLE_DEBUG_INFO = NO;
				MTL_FAST_MATH = YES;
				SDKROOT = iphoneos;
				SWIFT_COMPILATION_MODE = wholemodule;
				VALIDATE_PRODUCT = YES;
			};
			name = Release;
		};
		CEBCA7952BCD319B0059AEC3 /* Debug */ = {
			isa = XCBuildConfiguration;
			buildSettings = {
				ASSETCATALOG_COMPILER_APPICON_NAME = AppIcon;
				ASSETCATALOG_COMPILER_GLOBAL_ACCENT_COLOR_NAME = AccentColor;
				CODE_SIGN_STYLE = Automatic;
				CURRENT_PROJECT_VERSION = 1;
				DEVELOPMENT_ASSET_PATHS = "\"OpeninAppProject/Preview Content\"";
				DEVELOPMENT_TEAM = 669C25TBH6;
				ENABLE_PREVIEWS = YES;
				GENERATE_INFOPLIST_FILE = YES;
				INFOPLIST_KEY_UIApplicationSceneManifest_Generation = YES;
				INFOPLIST_KEY_UIApplicationSupportsIndirectInputEvents = YES;
				INFOPLIST_KEY_UILaunchScreen_Generation = YES;
				INFOPLIST_KEY_UISupportedInterfaceOrientations_iPad = "UIInterfaceOrientationPortrait UIInterfaceOrientationPortraitUpsideDown UIInterfaceOrientationLandscapeLeft UIInterfaceOrientationLandscapeRight";
				INFOPLIST_KEY_UISupportedInterfaceOrientations_iPhone = "UIInterfaceOrientationPortrait UIInterfaceOrientationLandscapeLeft UIInterfaceOrientationLandscapeRight";
				LD_RUNPATH_SEARCH_PATHS = (
					"$(inherited)",
					"@executable_path/Frameworks",
				);
				MARKETING_VERSION = 1.0;
				PRODUCT_BUNDLE_IDENTIFIER = com.tanishksahni.OpeninAppProject;
				PRODUCT_NAME = "$(TARGET_NAME)";
				SWIFT_EMIT_LOC_STRINGS = YES;
				SWIFT_VERSION = 5.0;
				TARGETED_DEVICE_FAMILY = "1,2";
			};
			name = Debug;
		};
		CEBCA7962BCD319B0059AEC3 /* Release */ = {
			isa = XCBuildConfiguration;
			buildSettings = {
				ASSETCATALOG_COMPILER_APPICON_NAME = AppIcon;
				ASSETCATALOG_COMPILER_GLOBAL_ACCENT_COLOR_NAME = AccentColor;
				CODE_SIGN_STYLE = Automatic;
				CURRENT_PROJECT_VERSION = 1;
				DEVELOPMENT_ASSET_PATHS = "\"OpeninAppProject/Preview Content\"";
				DEVELOPMENT_TEAM = 669C25TBH6;
				ENABLE_PREVIEWS = YES;
				GENERATE_INFOPLIST_FILE = YES;
				INFOPLIST_KEY_UIApplicationSceneManifest_Generation = YES;
				INFOPLIST_KEY_UIApplicationSupportsIndirectInputEvents = YES;
				INFOPLIST_KEY_UILaunchScreen_Generation = YES;
				INFOPLIST_KEY_UISupportedInterfaceOrientations_iPad = "UIInterfaceOrientationPortrait UIInterfaceOrientationPortraitUpsideDown UIInterfaceOrientationLandscapeLeft UIInterfaceOrientationLandscapeRight";
				INFOPLIST_KEY_UISupportedInterfaceOrientations_iPhone = "UIInterfaceOrientationPortrait UIInterfaceOrientationLandscapeLeft UIInterfaceOrientationLandscapeRight";
				LD_RUNPATH_SEARCH_PATHS = (
					"$(inherited)",
					"@executable_path/Frameworks",
				);
				MARKETING_VERSION = 1.0;
				PRODUCT_BUNDLE_IDENTIFIER = com.tanishksahni.OpeninAppProject;
				PRODUCT_NAME = "$(TARGET_NAME)";
				SWIFT_EMIT_LOC_STRINGS = YES;
				SWIFT_VERSION = 5.0;
				TARGETED_DEVICE_FAMILY = "1,2";
			};
			name = Release;
		};
/* End XCBuildConfiguration section */

/* Begin XCConfigurationList section */
		CEBCA7812BCD31980059AEC3 /* Build configuration list for PBXProject "OpeninAppProject" */ = {
			isa = XCConfigurationList;
			buildConfigurations = (
				CEBCA7922BCD319B0059AEC3 /* Debug */,
				CEBCA7932BCD319B0059AEC3 /* Release */,
			);
			defaultConfigurationIsVisible = 0;
			defaultConfigurationName = Release;
		};
		CEBCA7942BCD319B0059AEC3 /* Build configuration list for PBXNativeTarget "OpeninAppProject" */ = {
			isa = XCConfigurationList;
			buildConfigurations = (
				CEBCA7952BCD319B0059AEC3 /* Debug */,
				CEBCA7962BCD319B0059AEC3 /* Release */,
			);
			defaultConfigurationIsVisible = 0;
			defaultConfigurationName = Release;
		};
/* End XCConfigurationList section */
	};
	rootObject = CEBCA77E2BCD31980059AEC3 /* Project object */;
}
